
Microsoft Visual Studio Solution File, Format Version 12.00
# Visual Studio 15
VisualStudioVersion = 15.0.27703.2026
MinimumVisualStudioVersion = 10.0.40219.1
Project("{FAE04EC0-301F-11D3-BF4B-00C04F79EFBC}") = "ThuVien", "ThuVien\ThuVien.csproj", "{DE0FA159-ECB1-4175-B650-FAFDFA6F379B}"
EndProject
Global
	GlobalSection(SolutionConfigurationPlatforms) = preSolution
		Debug|Any CPU = Debug|Any CPU
		Debug|ARM = Debug|ARM
		Debug|x64 = Debug|x64
		Debug|x86 = Debug|x86
		Release|Any CPU = Release|Any CPU
		Release|ARM = Release|ARM
		Release|x64 = Release|x64
		Release|x86 = Release|x86
	EndGlobalSection
	GlobalSection(ProjectConfigurationPlatforms) = postSolution
		{DE0FA159-ECB1-4175-B650-FAFDFA6F379B}.Debug|Any CPU.ActiveCfg = Debug|Any CPU
		{DE0FA159-ECB1-4175-B650-FAFDFA6F379B}.Debug|Any CPU.Build.0 = Debug|Any CPU
		{DE0FA159-ECB1-4175-B650-FAFDFA6F379B}.Debug|ARM.ActiveCfg = Debug|Any CPU
		{DE0FA159-ECB1-4175-B650-FAFDFA6F379B}.Debug|ARM.Build.0 = Debug|Any CPU
		{DE0FA159-ECB1-4175-B650-FAFDFA6F379B}.Debug|x64.ActiveCfg = Debug|Any CPU
		{DE0FA159-ECB1-4175-B650-FAFDFA6F379B}.Debug|x64.Build.0 = Debug|Any CPU
		{DE0FA159-ECB1-4175-B650-FAFDFA6F379B}.Debug|x86.ActiveCfg = Debug|Any CPU
		{DE0FA159-ECB1-4175-B650-FAFDFA6F379B}.Debug|x86.Build.0 = Debug|Any CPU
		{DE0FA159-ECB1-4175-B650-FAFDFA6F379B}.Release|Any CPU.ActiveCfg = Release|Any CPU
		{DE0FA159-ECB1-4175-B650-FAFDFA6F379B}.Release|Any CPU.Build.0 = Release|Any CPU
		{DE0FA159-ECB1-4175-B650-FAFDFA6F379B}.Release|ARM.ActiveCfg = Release|Any CPU
		{DE0FA159-ECB1-4175-B650-FAFDFA6F379B}.Release|ARM.Build.0 = Release|Any CPU
		{DE0FA159-ECB1-4175-B650-FAFDFA6F379B}.Release|x64.ActiveCfg = Release|Any CPU
		{DE0FA159-ECB1-4175-B650-FAFDFA6F379B}.Release|x64.Build.0 = Release|Any CPU
		{DE0FA159-ECB1-4175-B650-FAFDFA6F379B}.Release|x86.ActiveCfg = Release|Any CPU
		{DE0FA159-ECB1-4175-B650-FAFDFA6F379B}.Release|x86.Build.0 = Release|Any CPU
	EndGlobalSection
	GlobalSection(SolutionProperties) = preSolution
		HideSolutionNode = FALSE
	EndGlobalSection
	GlobalSection(ExtensibilityGlobals) = postSolution
		SolutionGuid = {3B9D92FC-77C0-4287-A6F2-4A8709736B21}
	EndGlobalSection
EndGlobal
